
Microsoft Visual Studio Solution File, Format Version 12.00
# Visual Studio 14
VisualStudioVersion = 14.0.25420.1
MinimumVisualStudioVersion = 10.0.40219.1
Project("{FAE04EC0-301F-11D3-BF4B-00C04F79EFBC}") = "Permit.PublicPortal", "Permit.PublicPortal\Permit.PublicPortal\Permit.PublicPortal.csproj", "{DF6C6309-0004-456B-82AA-E2435B6D7235}"
EndProject
Project("{FAE04EC0-301F-11D3-BF4B-00C04F79EFBC}") = "Permit.PublicPortal.Tests", "Permit.PublicPortal\Permit.PublicPortal.Tests\Permit.PublicPortal.Tests.csproj", "{AF45EEDE-0CED-4F80-B2E7-B4D60C6A9C84}"
EndProject
Project("{FAE04EC0-301F-11D3-BF4B-00C04F79EFBC}") = "Permits.AdminPortal", "Permits.AdminPortal\Permits.AdminPortal.csproj", "{5D68E359-7241-456F-92C5-F4146EA04BDB}"
EndProject
Project("{FAE04EC0-301F-11D3-BF4B-00C04F79EFBC}") = "Permits.AdminPortal.Tests", "Permit.PublicPortal\Permits.AdminPortal.Tests\Permits.AdminPortal.Tests.csproj", "{F87F2B65-68EC-4CED-91EB-6C36871F18D2}"
EndProject
Project("{FAE04EC0-301F-11D3-BF4B-00C04F79EFBC}") = "Permits.DataAccess", "Permits.DataAccess\Permits.DataAccess.csproj", "{00632559-3DC9-4B92-8572-A2940BEFC470}"
EndProject
Project("{FAE04EC0-301F-11D3-BF4B-00C04F79EFBC}") = "Permits.Core", "Permits.Core\Permits.Core.csproj", "{30B1F847-AB50-468E-BBAE-5B00C14BD749}"
EndProject
Global
	GlobalSection(SolutionConfigurationPlatforms) = preSolution
		Debug|Any CPU = Debug|Any CPU
		Release|Any CPU = Release|Any CPU
	EndGlobalSection
	GlobalSection(ProjectConfigurationPlatforms) = postSolution
		{DF6C6309-0004-456B-82AA-E2435B6D7235}.Debug|Any CPU.ActiveCfg = Debug|Any CPU
		{DF6C6309-0004-456B-82AA-E2435B6D7235}.Debug|Any CPU.Build.0 = Debug|Any CPU
		{DF6C6309-0004-456B-82AA-E2435B6D7235}.Release|Any CPU.ActiveCfg = Release|Any CPU
		{DF6C6309-0004-456B-82AA-E2435B6D7235}.Release|Any CPU.Build.0 = Release|Any CPU
		{AF45EEDE-0CED-4F80-B2E7-B4D60C6A9C84}.Debug|Any CPU.ActiveCfg = Debug|Any CPU
		{AF45EEDE-0CED-4F80-B2E7-B4D60C6A9C84}.Debug|Any CPU.Build.0 = Debug|Any CPU
		{AF45EEDE-0CED-4F80-B2E7-B4D60C6A9C84}.Release|Any CPU.ActiveCfg = Release|Any CPU
		{AF45EEDE-0CED-4F80-B2E7-B4D60C6A9C84}.Release|Any CPU.Build.0 = Release|Any CPU
		{5D68E359-7241-456F-92C5-F4146EA04BDB}.Debug|Any CPU.ActiveCfg = Debug|Any CPU
		{5D68E359-7241-456F-92C5-F4146EA04BDB}.Debug|Any CPU.Build.0 = Debug|Any CPU
		{5D68E359-7241-456F-92C5-F4146EA04BDB}.Release|Any CPU.ActiveCfg = Release|Any CPU
		{5D68E359-7241-456F-92C5-F4146EA04BDB}.Release|Any CPU.Build.0 = Release|Any CPU
		{F87F2B65-68EC-4CED-91EB-6C36871F18D2}.Debug|Any CPU.ActiveCfg = Debug|Any CPU
		{F87F2B65-68EC-4CED-91EB-6C36871F18D2}.Debug|Any CPU.Build.0 = Debug|Any CPU
		{F87F2B65-68EC-4CED-91EB-6C36871F18D2}.Release|Any CPU.ActiveCfg = Release|Any CPU
		{F87F2B65-68EC-4CED-91EB-6C36871F18D2}.Release|Any CPU.Build.0 = Release|Any CPU
		{00632559-3DC9-4B92-8572-A2940BEFC470}.Debug|Any CPU.ActiveCfg = Debug|Any CPU
		{00632559-3DC9-4B92-8572-A2940BEFC470}.Debug|Any CPU.Build.0 = Debug|Any CPU
		{00632559-3DC9-4B92-8572-A2940BEFC470}.Release|Any CPU.ActiveCfg = Release|Any CPU
		{00632559-3DC9-4B92-8572-A2940BEFC470}.Release|Any CPU.Build.0 = Release|Any CPU
		{30B1F847-AB50-468E-BBAE-5B00C14BD749}.Debug|Any CPU.ActiveCfg = Debug|Any CPU
		{30B1F847-AB50-468E-BBAE-5B00C14BD749}.Debug|Any CPU.Build.0 = Debug|Any CPU
		{30B1F847-AB50-468E-BBAE-5B00C14BD749}.Release|Any CPU.ActiveCfg = Release|Any CPU
		{30B1F847-AB50-468E-BBAE-5B00C14BD749}.Release|Any CPU.Build.0 = Release|Any CPU
	EndGlobalSection
	GlobalSection(SolutionProperties) = preSolution
		HideSolutionNode = FALSE
	EndGlobalSection
EndGlobal
